
Microsoft Visual Studio Solution File, Format Version 12.00
# Visual Studio Version 16
VisualStudioVersion = 16.0.31019.35
MinimumVisualStudioVersion = 10.0.40219.1
Project("{FAE04EC0-301F-11D3-BF4B-00C04F79EFBC}") = "GrpcServer", "GrpcServer\GrpcServer.csproj", "{77804054-F089-438B-BB91-8A2DF0CE1FAA}"
EndProject
Project("{FAE04EC0-301F-11D3-BF4B-00C04F79EFBC}") = "GrpcClient", "GrpcClient\GrpcClient.csproj", "{20924E20-CC97-4961-9754-0A0D9876CAA3}"
EndProject
Global
	GlobalSection(SolutionConfigurationPlatforms) = preSolution
		Debug|Any CPU = Debug|Any CPU
		Release|Any CPU = Release|Any CPU
	EndGlobalSection
	GlobalSection(ProjectConfigurationPlatforms) = postSolution
		{77804054-F089-438B-BB91-8A2DF0CE1FAA}.Debug|Any CPU.ActiveCfg = Debug|Any CPU
		{77804054-F089-438B-BB91-8A2DF0CE1FAA}.Debug|Any CPU.Build.0 = Debug|Any CPU
		{77804054-F089-438B-BB91-8A2DF0CE1FAA}.Release|Any CPU.ActiveCfg = Release|Any CPU
		{77804054-F089-438B-BB91-8A2DF0CE1FAA}.Release|Any CPU.Build.0 = Release|Any CPU
		{20924E20-CC97-4961-9754-0A0D9876CAA3}.Debug|Any CPU.ActiveCfg = Debug|Any CPU
		{20924E20-CC97-4961-9754-0A0D9876CAA3}.Debug|Any CPU.Build.0 = Debug|Any CPU
		{20924E20-CC97-4961-9754-0A0D9876CAA3}.Release|Any CPU.ActiveCfg = Release|Any CPU
		{20924E20-CC97-4961-9754-0A0D9876CAA3}.Release|Any CPU.Build.0 = Release|Any CPU
	EndGlobalSection
	GlobalSection(SolutionProperties) = preSolution
		HideSolutionNode = FALSE
	EndGlobalSection
	GlobalSection(ExtensibilityGlobals) = postSolution
		SolutionGuid = {A4FD2B64-A785-45F8-899C-4E2F9D3ED49E}
	EndGlobalSection
EndGlobal
